{
  "name": "@pmoo/oow",
  "version": "1.5.1",
  "lockfileVersion": 1,
  "requires": true,
  "dependencies": {
    "@pmoo/testy": {
      "version": "3.1.1",
      "resolved": "https://registry.npmjs.org/@pmoo/testy/-/testy-3.1.1.tgz",
      "integrity": "sha512-u/7hsrt/8gTE+XRflcrU/G55cz8DYpz5FYDhAiSikghne8cdmhWOL67G4LV4PRUDXlRzsLhO/bnF22obZQUMNA==",
      "dev": true,
      "requires": {
        "require-dir": "^1.1.0"
      }
    },
    "require-dir": {
      "version": "1.2.0",
      "resolved": "https://registry.npmjs.org/require-dir/-/require-dir-1.2.0.tgz",
      "integrity": "sha512-LY85DTSu+heYgDqq/mK+7zFHWkttVNRXC9NKcKGyuGLdlsfbjEPrIEYdCVrx6hqnJb+xSu3Lzaoo8VnmOhhjNA==",
      "dev": true
    }
  }
}
