{
  "name": "@pmoo/oow",
  "version": "1.8.0",
  "lockfileVersion": 1,
  "requires": true,
  "dependencies": {
    "@pmoo/testy": {
      "version": "4.2.1",
      "resolved": "https://registry.npmjs.org/@pmoo/testy/-/testy-4.2.1.tgz",
      "integrity": "sha512-7KnRkMq8wRfDupOSaILln1jzMvIqIyYuz2xdZts3vxR1DU74fONja1tr80VwKjWccSE/5qggDeHBkr5sC76U4Q==",
      "dev": true
    }
  }
}
