{
  "name": "@pmoo/oow",
  "version": "1.7.0",
  "lockfileVersion": 1,
  "requires": true,
  "dependencies": {
    "@pmoo/testy": {
      "version": "4.1.1",
      "resolved": "https://registry.npmjs.org/@pmoo/testy/-/testy-4.1.1.tgz",
      "integrity": "sha512-N310HpRPfQrG0dhHJMkYUsSvGWwzQxrUPCVRXAKAFHjEvV1ma1b2G8JQppUI6ekiB8vOXMI5mYkYv3RhaNw9ew==",
      "dev": true
    }
  }
}
